
Microsoft Visual Studio Solution File, Format Version 12.00
# Visual Studio 15
VisualStudioVersion = 15.0.28307.168
MinimumVisualStudioVersion = 10.0.40219.1
Project("{FAE04EC0-301F-11D3-BF4B-00C04F79EFBC}") = "TestApplication", "TestApplication\TestApplication.csproj", "{5B240F7E-50C1-47CB-A4DE-0DAF90FBACD0}"
EndProject
Global
	GlobalSection(SolutionConfigurationPlatforms) = preSolution
		Debug|Any CPU = Debug|Any CPU
		Release|Any CPU = Release|Any CPU
	EndGlobalSection
	GlobalSection(ProjectConfigurationPlatforms) = postSolution
		{5B240F7E-50C1-47CB-A4DE-0DAF90FBACD0}.Debug|Any CPU.ActiveCfg = Debug|Any CPU
		{5B240F7E-50C1-47CB-A4DE-0DAF90FBACD0}.Debug|Any CPU.Build.0 = Debug|Any CPU
		{5B240F7E-50C1-47CB-A4DE-0DAF90FBACD0}.Release|Any CPU.ActiveCfg = Release|Any CPU
		{5B240F7E-50C1-47CB-A4DE-0DAF90FBACD0}.Release|Any CPU.Build.0 = Release|Any CPU
	EndGlobalSection
	GlobalSection(SolutionProperties) = preSolution
		HideSolutionNode = FALSE
	EndGlobalSection
	GlobalSection(ExtensibilityGlobals) = postSolution
		SolutionGuid = {27B4DAC2-4868-43EE-8EAA-5BFB3CE3A894}
	EndGlobalSection
EndGlobal
